version = 1
revision = 3
requires-python = "==3.12.*"

[[package]]
name = "asgiref"
version = "3.11.1"
source = { registry = "https://pypi.org/simple" }
sdist = { url = "https://files.pythonhosted.org/packages/63/40/f03da1264ae8f7cfdbf9146542e5e7e8100a4c66ab48e791df9a03d3f6c0/asgiref-3.11.1.tar.gz", hash = "sha256:5f184dc43b7e763efe848065441eac62229c9f7b0475f41f80e207a114eda4ce", size = 38550, upload-time = "2026-02-03T13:30:14.33Z" }
wheels = [
    { url = "https://files.pythonhosted.org/packages/5c/0a/a72d10ed65068e115044937873362e6e32fab1b7dce0046aeb224682c989/asgiref-3.11.1-py3-none-any.whl", hash = "sha256:e8667a091e69529631969fd45dc268fa79b99c92c5fcdda727757e52146ec133", size = 24345, upload-time = "2026-02-03T13:30:13.039Z" },
]

[[package]]
name = "django"
version = "5.2.15"
source = { registry = "https://pypi.org/simple" }
dependencies = [
    { name = "asgiref" },
    { name = "sqlparse" },
    { name = "tzdata", marker = "sys_platform == 'win32'" },
]
sdist = { url = "https://files.pythonhosted.org/packages/2b/e3/31722f7284c9f43333daff9aee9184678e4487adcb5506af0db8cea09ce1/django-5.2.15.tar.gz", hash = "sha256:5154a9bf84ac01dde011e367f355c07dbb329532e06810dcf3ef2af269e236e7", size = 10873669, upload-time = "2026-06-03T13:03:35.892Z" }
wheels = [
    { url = "https://files.pythonhosted.org/packages/92/b5/38140b1643c00d5c46ce69c78e6980fd285aee223100319631bedee4f5e7/django-5.2.15-py3-none-any.whl", hash = "sha256:0eb4a9bb1853a35b0286dbc6d916bd352c8c2687195a7f2d6f80cefd840e4970", size = 8311957, upload-time = "2026-06-03T13:03:31.329Z" },
]

[[package]]
name = "django-filter"
version = "25.2"
source = { registry = "https://pypi.org/simple" }
dependencies = [
    { name = "django" },
]
sdist = { url = "https://files.pythonhosted.org/packages/2c/e4/465d2699cd388c0005fb8d6ae6709f239917c6d8790ac35719676fffdcf3/django_filter-25.2.tar.gz", hash = "sha256:760e984a931f4468d096f5541787efb8998c61217b73006163bf2f9523fe8f23", size = 143818, upload-time = "2025-10-05T09:51:31.521Z" }
wheels = [
    { url = "https://files.pythonhosted.org/packages/c1/40/6a02495c5658beb1f31eb09952d8aa12ef3c2a66342331ce3a35f7132439/django_filter-25.2-py3-none-any.whl", hash = "sha256:9c0f8609057309bba611062fe1b720b4a873652541192d232dd28970383633e3", size = 94145, upload-time = "2025-10-05T09:51:29.728Z" },
]

[[package]]
name = "django-leaflet"
version = "0.33.0"
source = { registry = "https://pypi.org/simple" }
dependencies = [
    { name = "django" },
]
sdist = { url = "https://files.pythonhosted.org/packages/71/35/be356129d89c98c8f4884e946abec7f7d21ddcce159bcde4970e754ea3ab/django_leaflet-0.33.0.tar.gz", hash = "sha256:b51c71e7179eed9961484dfd57b87bd1ece3b1ff7bee4dfb7f4d5702206b2eca", size = 562259, upload-time = "2025-12-01T13:00:41.525Z" }
wheels = [
    { url = "https://files.pythonhosted.org/packages/d5/9b/b323a5ea711961e77e9e362f55ea6d229d75daa6c1eaa37aec3ddaba1017/django_leaflet-0.33.0-py3-none-any.whl", hash = "sha256:bf30526daf7710f9afc35f0221284fe3b0558f3d9f259344ac3b82e23d28ec98", size = 577199, upload-time = "2025-12-01T13:00:39.069Z" },
]

[[package]]
name = "django-reversion"
version = "6.3.0"
source = { registry = "https://pypi.org/simple" }
dependencies = [
    { name = "django" },
]
sdist = { url = "https://files.pythonhosted.org/packages/88/93/0240c12e07f882e11bc4028b6d5570ff6305ac6237843853b9238895be3a/django_reversion-6.3.0.tar.gz", hash = "sha256:0aa54eb334694f522fd234743978c614d45aa785edc70a6177267cdaaf06f967", size = 79028, upload-time = "2026-06-12T19:55:46.603Z" }
wheels = [
    { url = "https://files.pythonhosted.org/packages/98/ec/2e79165dee4c0d3a52024e5b471b571452191cfe30524e1d7f20eeea7003/django_reversion-6.3.0-py3-none-any.whl", hash = "sha256:6abf59fc70e0d5efd68e03d478c20b994ca72d4ec89e8fed99533e6b87acc8d1", size = 89660, upload-time = "2026-06-12T19:55:45.381Z" },
]

[[package]]
name = "djangorestframework"
version = "3.17.1"
source = { registry = "https://pypi.org/simple" }
dependencies = [
    { name = "django" },
]
sdist = { url = "https://files.pythonhosted.org/packages/ca/d7/c016e69fac19ff8afdc89db9d31d9ae43ae031e4d1993b20aca179b8301a/djangorestframework-3.17.1.tar.gz", hash = "sha256:a6def5f447fe78ff853bff1d47a3c59bf38f5434b031780b351b0c73a62db1a5", size = 905742, upload-time = "2026-03-24T16:58:33.705Z" }
wheels = [
    { url = "https://files.pythonhosted.org/packages/5a/e1/2c516bdc83652b1a60c6119366ac2c0607b479ed05cd6093f916ca8928f8/djangorestframework-3.17.1-py3-none-any.whl", hash = "sha256:c3c74dd3e83a5a3efc37b3c18d92bd6f86a6791c7b7d4dff62bb068500e76457", size = 898844, upload-time = "2026-03-24T16:58:31.845Z" },
]

[[package]]
name = "djangorestframework-gis"
version = "1.2.1"
source = { registry = "https://pypi.org/simple" }
dependencies = [
    { name = "django" },
    { name = "django-filter" },
    { name = "djangorestframework" },
]
sdist = { url = "https://files.pythonhosted.org/packages/01/cb/548d66f261c1bd94ccddafccf7db5a03e1db324075e4f1243b32185afe98/djangorestframework_gis-1.2.1.tar.gz", hash = "sha256:649ad0cb361dd85f2113b1796248eb2b198a01fa3d64c5e486106224c0ad51fd", size = 50304, upload-time = "2026-05-04T17:02:15.524Z" }
wheels = [
    { url = "https://files.pythonhosted.org/packages/8e/db/ffb8914cd0ee6d63d3e3f0f4a8d9d07d8b945e2287d6048316a542dcb4e5/djangorestframework_gis-1.2.1-py2.py3-none-any.whl", hash = "sha256:73acb51918b18e484407c0fff61aca11a1f5a216fa694bc4c0c734b7097ecc77", size = 21901, upload-time = "2026-05-04T17:02:13.632Z" },
]

[[package]]
name = "hkstairs"
version = "0.1.0"
source = { virtual = "." }
dependencies = [
    { name = "django" },
    { name = "django-leaflet" },
    { name = "django-reversion" },
    { name = "djangorestframework" },
    { name = "djangorestframework-gis" },
    { name = "sorl-thumbnail" },
    { name = "sorl-thumbnail-serializer-field" },
]

[package.metadata]
requires-dist = [
    { name = "django", specifier = ">=5.2,<5.3" },
    { name = "django-leaflet", specifier = ">=0.33.0" },
    { name = "django-reversion", specifier = ">=6.3.0" },
    { name = "djangorestframework", specifier = ">=3.17.1" },
    { name = "djangorestframework-gis", specifier = ">=1.2.1" },
    { name = "sorl-thumbnail", specifier = ">=13.0.0" },
    { name = "sorl-thumbnail-serializer-field", specifier = ">=0.2.1" },
]

[[package]]
name = "sorl-thumbnail"
version = "13.0.0"
source = { registry = "https://pypi.org/simple" }
sdist = { url = "https://files.pythonhosted.org/packages/c4/d8/038201e8fc4bda7f7905c41155af70fc0d15f94f90baac52f04ea66ad3af/sorl_thumbnail-13.0.0.tar.gz", hash = "sha256:75f1f22fa742846917ca4774cd4c578cd802ff5e4f6f53328735c3a38264ee49", size = 668977, upload-time = "2026-01-22T15:20:51.624Z" }
wheels = [
    { url = "https://files.pythonhosted.org/packages/ea/8b/04d8eaaffbdfc17792b008d7bdf0b379e6bb2648ce262e96c95f76f4ba7c/sorl_thumbnail-13.0.0-py3-none-any.whl", hash = "sha256:8035d218b2b90511326c9a73dbf6e8a829f9ea808e448e98332190a0e2c0ee18", size = 43136, upload-time = "2026-01-22T15:20:37.103Z" },
]

[[package]]
name = "sorl-thumbnail-serializer-field"
version = "0.2.1"
source = { registry = "https://pypi.org/simple" }
dependencies = [
    { name = "django" },
    { name = "djangorestframework" },
    { name = "sorl-thumbnail" },
]
sdist = { url = "https://files.pythonhosted.org/packages/75/e6/01bc43a5ee53d5ebcd4a60deeeb564c5671c61c83f7e9b439b1a33de6758/sorl-thumbnail-serializer-field-0.2.1.tar.gz", hash = "sha256:905a05a81e83bceb9c49392010802981a7d8100478cc67ef4acfb53beb1ab505", size = 8081, upload-time = "2017-10-05T16:07:58.232Z" }
wheels = [
    { url = "https://files.pythonhosted.org/packages/fd/d0/9a5a2f55e9d25f3733bb7efbe051e3b13c12e99ad5a3b7d171448e0f6690/sorl_thumbnail_serializer_field-0.2.1-py2.py3-none-any.whl", hash = "sha256:6f4adb757d798c3cd556668333c83dc17926dd6bea420dff293fb35ec170e03e", size = 14011, upload-time = "2017-10-05T16:08:04.671Z" },
]

[[package]]
name = "sqlparse"
version = "0.5.5"
source = { registry = "https://pypi.org/simple" }
sdist = { url = "https://files.pythonhosted.org/packages/90/76/437d71068094df0726366574cf3432a4ed754217b436eb7429415cf2d480/sqlparse-0.5.5.tar.gz", hash = "sha256:e20d4a9b0b8585fdf63b10d30066c7c94c5d7a7ec47c889a2d83a3caa93ff28e", size = 120815, upload-time = "2025-12-19T07:17:45.073Z" }
wheels = [
    { url = "https://files.pythonhosted.org/packages/49/4b/359f28a903c13438ef59ebeee215fb25da53066db67b305c125f1c6d2a25/sqlparse-0.5.5-py3-none-any.whl", hash = "sha256:12a08b3bf3eec877c519589833aed092e2444e68240a3577e8e26148acc7b1ba", size = 46138, upload-time = "2025-12-19T07:17:46.573Z" },
]

[[package]]
name = "tzdata"
version = "2026.2"
source = { registry = "https://pypi.org/simple" }
sdist = { url = "https://files.pythonhosted.org/packages/ba/19/1b9b0e29f30c6d35cb345486df41110984ea67ae69dddbc0e8a100999493/tzdata-2026.2.tar.gz", hash = "sha256:9173fde7d80d9018e02a662e168e5a2d04f87c41ea174b139fbef642eda62d10", size = 198254, upload-time = "2026-04-24T15:22:08.651Z" }
wheels = [
    { url = "https://files.pythonhosted.org/packages/ce/e4/dccd7f47c4b64213ac01ef921a1337ee6e30e8c6466046018326977efd95/tzdata-2026.2-py2.py3-none-any.whl", hash = "sha256:bbe9af844f658da81a5f95019480da3a89415801f6cc966806612cc7169bffe7", size = 349321, upload-time = "2026-04-24T15:22:05.876Z" },
]
